
Microsoft Visual Studio Solution File, Format Version 12.00
# Visual Studio Version 16
VisualStudioVersion = 16.0.29721.120
MinimumVisualStudioVersion = 10.0.40219.1
Project("{FAE04EC0-301F-11D3-BF4B-00C04F79EFBC}") = "GameTestWebUI", "GameTestWebUI\GameTestWebUI.csproj", "{0B63CC66-BECD-4AC2-8167-88997A7618A6}"
EndProject
Project("{11A8DD76-328B-46DF-9F39-F559912D0360}") = "GameLogic", "GameLogic\GameLogic.nfproj", "{DDE2C37F-6D0B-44FF-B484-2B3362293E3F}"
EndProject
Project("{11A8DD76-328B-46DF-9F39-F559912D0360}") = "Runtime", "Runtime\Runtime.nfproj", "{0BE1B51A-BCD9-4809-9208-914F45C38696}"
EndProject
Global
	GlobalSection(SolutionConfigurationPlatforms) = preSolution
		Debug|Any CPU = Debug|Any CPU
		Release|Any CPU = Release|Any CPU
	EndGlobalSection
	GlobalSection(ProjectConfigurationPlatforms) = postSolution
		{0B63CC66-BECD-4AC2-8167-88997A7618A6}.Debug|Any CPU.ActiveCfg = Debug|Any CPU
		{0B63CC66-BECD-4AC2-8167-88997A7618A6}.Debug|Any CPU.Build.0 = Debug|Any CPU
		{0B63CC66-BECD-4AC2-8167-88997A7618A6}.Release|Any CPU.ActiveCfg = Release|Any CPU
		{0B63CC66-BECD-4AC2-8167-88997A7618A6}.Release|Any CPU.Build.0 = Release|Any CPU
		{DDE2C37F-6D0B-44FF-B484-2B3362293E3F}.Debug|Any CPU.ActiveCfg = Debug|Any CPU
		{DDE2C37F-6D0B-44FF-B484-2B3362293E3F}.Debug|Any CPU.Build.0 = Debug|Any CPU
		{DDE2C37F-6D0B-44FF-B484-2B3362293E3F}.Debug|Any CPU.Deploy.0 = Debug|Any CPU
		{DDE2C37F-6D0B-44FF-B484-2B3362293E3F}.Release|Any CPU.ActiveCfg = Release|Any CPU
		{DDE2C37F-6D0B-44FF-B484-2B3362293E3F}.Release|Any CPU.Build.0 = Release|Any CPU
		{DDE2C37F-6D0B-44FF-B484-2B3362293E3F}.Release|Any CPU.Deploy.0 = Release|Any CPU
		{0BE1B51A-BCD9-4809-9208-914F45C38696}.Debug|Any CPU.ActiveCfg = Debug|Any CPU
		{0BE1B51A-BCD9-4809-9208-914F45C38696}.Debug|Any CPU.Build.0 = Debug|Any CPU
		{0BE1B51A-BCD9-4809-9208-914F45C38696}.Debug|Any CPU.Deploy.0 = Debug|Any CPU
		{0BE1B51A-BCD9-4809-9208-914F45C38696}.Release|Any CPU.ActiveCfg = Release|Any CPU
		{0BE1B51A-BCD9-4809-9208-914F45C38696}.Release|Any CPU.Build.0 = Release|Any CPU
		{0BE1B51A-BCD9-4809-9208-914F45C38696}.Release|Any CPU.Deploy.0 = Release|Any CPU
	EndGlobalSection
	GlobalSection(SolutionProperties) = preSolution
		HideSolutionNode = FALSE
	EndGlobalSection
	GlobalSection(ExtensibilityGlobals) = postSolution
		SolutionGuid = {479F3234-DC65-45CD-932B-1CCC271DFCFF}
	EndGlobalSection
EndGlobal
